lockfileVersion: 5.3

specifiers:
  esbuild: ^0.14.35
  react: ^18.0.0
  react-dom: ^18.0.0

dependencies:
  esbuild: 0.14.35
  react: 18.0.0
  react-dom: 18.0.0_react@18.0.0

packages:

  /esbuild-android-64/0.14.35:
    resolution: {integrity: sha512-R11Eu5NDc5YpbmpXSczxnwrqIsaslE08I+gf/QUVxiuPid5DLQHRWKnkPiSXUgQGPZVjn4aASsAdq8L4uhcyXQ==}
    engines: {node: '>=12'}
    cpu: [x64]
    os: [android]
    requiresBuild: true
    dev: false
    optional: true

  /esbuild-android-arm64/0.14.35:
    resolution: {integrity: sha512-fOjTdzEvZer2+5xNWP2bUmpWccuHQBm/aPoTqoiLiS3VErvxOpbY2808UUEHHxRJucRxMUxHi+apKUpdj8NBjA==}
    engines: {node: '>=12'}
    cpu: [arm64]
    os: [android]
    requiresBuild: true
    dev: false
    optional: true

  /esbuild-darwin-64/0.14.35:
    resolution: {integrity: sha512-cN7ejc3Q0+5hFYXSLKd7GfnrY3hEjx/QxYUiU5f8KEJpH1CJsQEl69ALS5WYYrPrlgKHGKusRVKOkK1x20fe6g==}
    engines: {node: '>=12'}
    cpu: [x64]
    os: [darwin]
    requiresBuild: true
    dev: false
    optional: true

  /esbuild-darwin-arm64/0.14.35:
    resolution: {integrity: sha512-x4AK8UY14p2AYQNXQ5hd0HNnmcmBjd6bpFkmPmtrm8Khh/HT96JfVa06bYFute25aUOTHgWv5kU/k+JrqDTO2A==}
    engines: {node: '>=12'}
    cpu: [arm64]
    os: [darwin]
    requiresBuild: true
    dev: false
    optional: true

  /esbuild-freebsd-64/0.14.35:
    resolution: {integrity: sha512-S83TQ+LgeQt9n9sc7LVELBlpRzaSWGaMvPHtE/91AxEKBuqx47RhuII60LVUzwfOMXHbgroOuSMqA1D2C+vuxQ==}
    engines: {node: '>=12'}
    cpu: [x64]
    os: [freebsd]
    requiresBuild: true
    dev: false
    optional: true

  /esbuild-freebsd-arm64/0.14.35:
    resolution: {integrity: sha512-D7NDa9ZquQkgz6nwH/HJ1E9wvcb4EEWw7L+uY7jGG4N7Z2Y/wWxQ5dH207gp0TsRCXuE9cYN5HfnHwgav7zAdw==}
    engines: {node: '>=12'}
    cpu: [arm64]
    os: [freebsd]
    requiresBuild: true
    dev: false
    optional: true

  /esbuild-linux-32/0.14.35:
    resolution: {integrity: sha512-0/bt6wQzZmBYv+NY9r7OHxPzs5H4ktz0UK/x7iUs5pAEnj+NkdR/uCzhYVFgNRIO/b22O5P0Vs9LIcj0Z5Uc9A==}
    engines: {node: '>=12'}
    cpu: [ia32]
    os: [linux]
    requiresBuild: true
    dev: false
    optional: true

  /esbuild-linux-64/0.14.35:
    resolution: {integrity: sha512-50FLXlOdEfyc9NFR9lavX3W75zJNi5FTEU25EZY87MQlHlUqmoSfd/0BaO2xefcZK9XV7lTPZ+b8Wj/jFRMB2A==}
    engines: {node: '>=12'}
    cpu: [x64]
    os: [linux]
    requiresBuild: true
    dev: false
    optional: true

  /esbuild-linux-arm/0.14.35:
    resolution: {integrity: sha512-VIH+bxbk7NM0ZSAeFHOdFWsdVIw2RnrZEG340yFlf7PI9DLUkn0m5+Q8mgZiIZW29VBtpCQ7aiieFo+ZykhoUA==}
    engines: {node: '>=12'}
    cpu: [arm]
    os: [linux]
    requiresBuild: true
    dev: false
    optional: true

  /esbuild-linux-arm64/0.14.35:
    resolution: {integrity: sha512-Kknr+jl0dNVTyuUTczfaXlsmuGKPBZsNNDuUnLMEDi6Y6bi8ccC4QE4nwUDtkGyB1elr6BQYvb78wYhtfPVLew==}
    engines: {node: '>=12'}
    cpu: [arm64]
    os: [linux]
    requiresBuild: true
    dev: false
    optional: true

  /esbuild-linux-mips64le/0.14.35:
    resolution: {integrity: sha512-urTrLRUAbH3e91vu3/20Sc+qCvokgB4gepHk41AkS/nnM1PBSdRl8SKP3TkRXaJjb4LRGu6I2JAxLOmQWGzo/g==}
    engines: {node: '>=12'}
    cpu: [mips64el]
    os: [linux]
    requiresBuild: true
    dev: false
    optional: true

  /esbuild-linux-ppc64le/0.14.35:
    resolution: {integrity: sha512-B98j5OMZQHTw/MnjOQgxYDt+sJfLmvHSI6GhCcf55l11voyyR66SYTBFiz4RvEB1F8V6TQTpHwFhBWo/p5Fq8w==}
    engines: {node: '>=12'}
    cpu: [ppc64]
    os: [linux]
    requiresBuild: true
    dev: false
    optional: true

  /esbuild-linux-riscv64/0.14.35:
    resolution: {integrity: sha512-SP41XnWjMOK0WcaXKzfcGr0jA5vMoXu36Oe/SeHrdRrffuHr5/5IboLqCKCQeGAjoGRPSgSLTKB7T8ENXQpgCg==}
    engines: {node: '>=12'}
    cpu: [riscv64]
    os: [linux]
    requiresBuild: true
    dev: false
    optional: true

  /esbuild-linux-s390x/0.14.35:
    resolution: {integrity: sha512-H0K7+0i0crGrXul8q0RlOdatputTj299JGSvyhXXSMNCTqNd5hd8JOONS2Fbbgrv2Hu9bwkP57g8X94V8GeyMA==}
    engines: {node: '>=12'}
    cpu: [s390x]
    os: [linux]
    requiresBuild: true
    dev: false
    optional: true

  /esbuild-netbsd-64/0.14.35:
    resolution: {integrity: sha512-Z+DdBPbSWlOgFdXDhpyqDBTy5NKtTjSFwXfjs95BROJYXFu+ciF85bT10Olg3/EywvDDdpfSeGh+ExeOQ3fugA==}
    engines: {node: '>=12'}
    cpu: [x64]
    os: [netbsd]
    requiresBuild: true
    dev: false
    optional: true

  /esbuild-openbsd-64/0.14.35:
    resolution: {integrity: sha512-uNWRf9p69irg4X2yZ5M5GrPi7+F54+DsmYKBXGTIImtyanSAy0nEH6ejmHD2/uypPrlKFf+U746bMwZFIxy5zw==}
    engines: {node: '>=12'}
    cpu: [x64]
    os: [openbsd]
    requiresBuild: true
    dev: false
    optional: true

  /esbuild-sunos-64/0.14.35:
    resolution: {integrity: sha512-WwAS084DuK2AHe+9z0DGbLbv3Cf9H4H7YsBhS7sBIIZ9iY2r0Oikrw11p1VSPDXjgtB/6AYIckJDCRAFEX07rQ==}
    engines: {node: '>=12'}
    cpu: [x64]
    os: [sunos]
    requiresBuild: true
    dev: false
    optional: true

  /esbuild-windows-32/0.14.35:
    resolution: {integrity: sha512-XQgY0pLopKMuRvNsMlc4RuN8wKku4w/LGGhonYEOxibVx/aNMl6vS0P0xbZoUpej4EP8Gras0JihAxigvPqaiA==}
    engines: {node: '>=12'}
    cpu: [ia32]
    os: [win32]
    requiresBuild: true
    dev: false
    optional: true

  /esbuild-windows-64/0.14.35:
    resolution: {integrity: sha512-7PaFQb5QDNWQGNmbXBNHewuXq5iDtgTjT3ILif3oGeMd9IVD2hvQ6Twc3s3NDqj5NJFZL1ZK+l9WZ8BZidv7Vw==}
    engines: {node: '>=12'}
    cpu: [x64]
    os: [win32]
    requiresBuild: true
    dev: false
    optional: true

  /esbuild-windows-arm64/0.14.35:
    resolution: {integrity: sha512-TxVKDkjlRxoCJQpCYS7FbHA249WdCfWKhLhNYk6PtT0CQmD7Ogp51MG7Plx57/jtxE9/aZVOcAf3igGKyGijHw==}
    engines: {node: '>=12'}
    cpu: [arm64]
    os: [win32]
    requiresBuild: true
    dev: false
    optional: true

  /esbuild/0.14.35:
    resolution: {integrity: sha512-0aeHPwXVVUUo9qOWnu/zILmTexFYE+RJ3o4owjbEUIJuBhLUgL4wBuS94++4+t7sykSABsNyyMZEAZ2r+1qZ4A==}
    engines: {node: '>=12'}
    hasBin: true
    requiresBuild: true
    optionalDependencies:
      esbuild-android-64: 0.14.35
      esbuild-android-arm64: 0.14.35
      esbuild-darwin-64: 0.14.35
      esbuild-darwin-arm64: 0.14.35
      esbuild-freebsd-64: 0.14.35
      esbuild-freebsd-arm64: 0.14.35
      esbuild-linux-32: 0.14.35
      esbuild-linux-64: 0.14.35
      esbuild-linux-arm: 0.14.35
      esbuild-linux-arm64: 0.14.35
      esbuild-linux-mips64le: 0.14.35
      esbuild-linux-ppc64le: 0.14.35
      esbuild-linux-riscv64: 0.14.35
      esbuild-linux-s390x: 0.14.35
      esbuild-netbsd-64: 0.14.35
      esbuild-openbsd-64: 0.14.35
      esbuild-sunos-64: 0.14.35
      esbuild-windows-32: 0.14.35
      esbuild-windows-64: 0.14.35
      esbuild-windows-arm64: 0.14.35
    dev: false

  /js-tokens/4.0.0:
    resolution: {integrity: sha512-RdJUflcE3cUzKiMqQgsCu06FPu9UdIJO0beYbPhHN4k6apgJtifcoCtT9bcxOpYBtpD2kCM6Sbzg4CausW/PKQ==}
    dev: false

  /loose-envify/1.4.0:
    resolution: {integrity: sha512-lyuxPGr/Wfhrlem2CL/UcnUc1zcqKAImBDzukY7Y5F/yQiNdko6+fRLevlw1HgMySw7f611UIY408EtxRSoK3Q==}
    hasBin: true
    dependencies:
      js-tokens: 4.0.0
    dev: false

  /react-dom/18.0.0_react@18.0.0:
    resolution: {integrity: sha512-XqX7uzmFo0pUceWFCt7Gff6IyIMzFUn7QMZrbrQfGxtaxXZIcGQzoNpRLE3fQLnS4XzLLPMZX2T9TRcSrasicw==}
    peerDependencies:
      react: ^18.0.0
    dependencies:
      loose-envify: 1.4.0
      react: 18.0.0
      scheduler: 0.21.0
    dev: false

  /react/18.0.0:
    resolution: {integrity: sha512-x+VL6wbT4JRVPm7EGxXhZ8w8LTROaxPXOqhlGyVSrv0sB1jkyFGgXxJ8LVoPRLvPR6/CIZGFmfzqUa2NYeMr2A==}
    engines: {node: '>=0.10.0'}
    dependencies:
      loose-envify: 1.4.0
    dev: false

  /scheduler/0.21.0:
    resolution: {integrity: sha512-1r87x5fz9MXqswA2ERLo0EbOAU74DpIUO090gIasYTqlVoJeMcl+Z1Rg7WHz+qtPujhS/hGIt9kxZOYBV3faRQ==}
    dependencies:
      loose-envify: 1.4.0
    dev: false
